{
  "originHash" : "c47b1e3d8b7978d05077a9a794f0e914afc801e716921fae93089871091527db",
  "pins" : [
    {
      "identity" : "stream-chat-swift",
      "kind" : "remoteSourceControl",
      "location" : "https://github.com/GetStream/stream-chat-swift.git",
      "state" : {
        "branch" : "develop",
        "revision" : "4c64315084d4a256f62c65a620cfb631a1f40987"
      }
    },
    {
      "identity" : "stream-chat-swiftui",
      "kind" : "remoteSourceControl",
      "location" : "https://github.com/GetStream/stream-chat-swiftui",
      "state" : {
        "branch" : "grouped-channels-v5",
        "revision" : "f7a38217f582dced77e9ca9bf281a354869a4402"
      }
    },
    {
      "identity" : "stream-core-swift",
      "kind" : "remoteSourceControl",
      "location" : "https://github.com/GetStream/stream-core-swift.git",
      "state" : {
        "revision" : "687abe418af75898d4854b4e7b333f022a9141b7",
        "version" : "0.6.4"
      }
    }
  ],
  "version" : 3
}
