{
  "originHash" : "c47b1e3d8b7978d05077a9a794f0e914afc801e716921fae93089871091527db",
  "pins" : [
    {
      "identity" : "stream-chat-swift",
      "kind" : "remoteSourceControl",
      "location" : "https://github.com/GetStream/stream-chat-swift.git",
      "state" : {
        "branch" : "grouped-channels-v5",
        "revision" : "a3c62485c0e5ef0fbd0773ea2741e9c5032f0347"
      }
    },
    {
      "identity" : "stream-chat-swiftui",
      "kind" : "remoteSourceControl",
      "location" : "https://github.com/GetStream/stream-chat-swiftui",
      "state" : {
        "branch" : "grouped-channels-v5",
        "revision" : "b7d43dba0c84cd8736cd271201b7e8d2c2d83763"
      }
    },
    {
      "identity" : "stream-core-swift",
      "kind" : "remoteSourceControl",
      "location" : "https://github.com/GetStream/stream-core-swift.git",
      "state" : {
        "revision" : "8c52f976b04e3f6ac40e12dd298f5a7d20042ad8",
        "version" : "0.6.3"
      }
    }
  ],
  "version" : 3
}
